// !$*UTF8*$!
{
	archiveVersion = 1;
	classes = {
	};
	objectVersion = 77;
	objects = {

/* Begin PBXBuildFile section */
		EF0CF1D52E718AA100BB79FC /* Algorithms in Frameworks */ = {isa = PBXBuildFile; productRef = EF0CF1D42E718AA100BB79FC /* Algorithms */; };
		EF209EBA2E6783070020183D /* Auth in Frameworks */ = {isa = PBXBuildFile; productRef = EF209EB92E6783070020183D /* Auth */; };
		EF209EBC2E6783070020183D /* Functions in Frameworks */ = {isa = PBXBuildFile; productRef = EF209EBB2E6783070020183D /* Functions */; };
		EF209EBE2E6783070020183D /* PostgREST in Frameworks */ = {isa = PBXBuildFile; productRef = EF209EBD2E6783070020183D /* PostgREST */; };
		EF209EC02E6783070020183D /* Realtime in Frameworks */ = {isa = PBXBuildFile; productRef = EF209EBF2E6783070020183D /* Realtime */; };
		EF209EC22E6783070020183D /* Storage in Frameworks */ = {isa = PBXBuildFile; productRef = EF209EC12E6783070020183D /* Storage */; };
		EF209EC72E6788830020183D /* Supabase in Frameworks */ = {isa = PBXBuildFile; productRef = EF209EC62E6788830020183D /* Supabase */; };
		EF359E6E2E718C7300B71F35 /* ArgumentParser in Frameworks */ = {isa = PBXBuildFile; productRef = EF359E6D2E718C7300B71F35 /* ArgumentParser */; };
		EF359E712E718CB500B71F35 /* BitCollections in Frameworks */ = {isa = PBXBuildFile; productRef = EF359E702E718CB500B71F35 /* BitCollections */; };
		EF359E732E718CB500B71F35 /* Collections in Frameworks */ = {isa = PBXBuildFile; productRef = EF359E722E718CB500B71F35 /* Collections */; };
		EF359E752E718CB500B71F35 /* DequeModule in Frameworks */ = {isa = PBXBuildFile; productRef = EF359E742E718CB500B71F35 /* DequeModule */; };
		EF359E772E718CB500B71F35 /* HashTreeCollections in Frameworks */ = {isa = PBXBuildFile; productRef = EF359E762E718CB500B71F35 /* HashTreeCollections */; };
		EF359E792E718CB500B71F35 /* HeapModule in Frameworks */ = {isa = PBXBuildFile; productRef = EF359E782E718CB500B71F35 /* HeapModule */; };
		EF359E7B2E718CB500B71F35 /* OrderedCollections in Frameworks */ = {isa = PBXBuildFile; productRef = EF359E7A2E718CB500B71F35 /* OrderedCollections */; };
		EF359E7D2E718CB500B71F35 /* _RopeModule in Frameworks */ = {isa = PBXBuildFile; productRef = EF359E7C2E718CB500B71F35 /* _RopeModule */; };
		EF359E802E718CD400B71F35 /* Crypto in Frameworks */ = {isa = PBXBuildFile; productRef = EF359E7F2E718CD400B71F35 /* Crypto */; };
		EF359E822E718CD400B71F35 /* _CryptoExtras in Frameworks */ = {isa = PBXBuildFile; productRef = EF359E812E718CD400B71F35 /* _CryptoExtras */; };
		EF359E852E718D2F00B71F35 /* HTTPTypes in Frameworks */ = {isa = PBXBuildFile; productRef = EF359E842E718D2F00B71F35 /* HTTPTypes */; };
		EF359E872E718D2F00B71F35 /* HTTPTypesFoundation in Frameworks */ = {isa = PBXBuildFile; productRef = EF359E862E718D2F00B71F35 /* HTTPTypesFoundation */; };
		EF359E8A2E718D4F00B71F35 /* ComplexModule in Frameworks */ = {isa = PBXBuildFile; productRef = EF359E892E718D4F00B71F35 /* ComplexModule */; };
		EF359E8C2E718D4F00B71F35 /* Numerics in Frameworks */ = {isa = PBXBuildFile; productRef = EF359E8B2E718D4F00B71F35 /* Numerics */; };
		EF359E8E2E718D4F00B71F35 /* RealModule in Frameworks */ = {isa = PBXBuildFile; productRef = EF359E8D2E718D4F00B71F35 /* RealModule */; };
		EF359E912E718D8E00B71F35 /* Logging in Frameworks */ = {isa = PBXBuildFile; productRef = EF359E902E718D8E00B71F35 /* Logging */; };
/* End PBXBuildFile section */

/* Begin PBXFileReference section */
		EFAB63FA2E64EAD50069887C /* shvil.app */ = {isa = PBXFileReference; explicitFileType = wrapper.application; includeInIndex = 0; path = shvil.app; sourceTree = BUILT_PRODUCTS_DIR; };
/* End PBXFileReference section */

/* Begin PBXFileSystemSynchronizedRootGroup section */
		EFAB63FC2E64EAD50069887C /* shvil */ = {
			isa = PBXFileSystemSynchronizedRootGroup;
			path = shvil;
			sourceTree = "<group>";
		};
/* End PBXFileSystemSynchronizedRootGroup section */

/* Begin PBXFrameworksBuildPhase section */
		EFAB63F72E64EAD50069887C /* Frameworks */ = {
			isa = PBXFrameworksBuildPhase;
			buildActionMask = 2147483647;
			files = (
				EF209EBE2E6783070020183D /* PostgREST in Frameworks */,
				EF0CF1D52E718AA100BB79FC /* Algorithms in Frameworks */,
				EF359E732E718CB500B71F35 /* Collections in Frameworks */,
				EF359E7D2E718CB500B71F35 /* _RopeModule in Frameworks */,
				EF359E712E718CB500B71F35 /* BitCollections in Frameworks */,
				EF209EBC2E6783070020183D /* Functions in Frameworks */,
				EF359E872E718D2F00B71F35 /* HTTPTypesFoundation in Frameworks */,
				EF359E852E718D2F00B71F35 /* HTTPTypes in Frameworks */,
				EF359E792E718CB500B71F35 /* HeapModule in Frameworks */,
				EF359E802E718CD400B71F35 /* Crypto in Frameworks */,
				EF209EC72E6788830020183D /* Supabase in Frameworks */,
				EF359E772E718CB500B71F35 /* HashTreeCollections in Frameworks */,
				EF209EBA2E6783070020183D /* Auth in Frameworks */,
				EF359E8C2E718D4F00B71F35 /* Numerics in Frameworks */,
				EF209EC22E6783070020183D /* Storage in Frameworks */,
				EF359E6E2E718C7300B71F35 /* ArgumentParser in Frameworks */,
				EF359E8A2E718D4F00B71F35 /* ComplexModule in Frameworks */,
				EF209EC02E6783070020183D /* Realtime in Frameworks */,
				EF359E912E718D8E00B71F35 /* Logging in Frameworks */,
				EF359E8E2E718D4F00B71F35 /* RealModule in Frameworks */,
				EF359E822E718CD400B71F35 /* _CryptoExtras in Frameworks */,
				EF359E7B2E718CB500B71F35 /* OrderedCollections in Frameworks */,
				EF359E752E718CB500B71F35 /* DequeModule in Frameworks */,
			);
			runOnlyForDeploymentPostprocessing = 0;
		};
/* End PBXFrameworksBuildPhase section */

/* Begin PBXGroup section */
		EF209EC32E67886D0020183D /* Frameworks */ = {
			isa = PBXGroup;
			children = (
			);
			name = Frameworks;
			sourceTree = "<group>";
		};
		EFAB63F12E64EAD50069887C = {
			isa = PBXGroup;
			children = (
				EFAB63FC2E64EAD50069887C /* shvil */,
				EF209EC32E67886D0020183D /* Frameworks */,
				EFAB63FB2E64EAD50069887C /* Products */,
			);
			sourceTree = "<group>";
		};
		EFAB63FB2E64EAD50069887C /* Products */ = {
			isa = PBXGroup;
			children = (
				EFAB63FA2E64EAD50069887C /* shvil.app */,
			);
			name = Products;
			sourceTree = "<group>";
		};
/* End PBXGroup section */

/* Begin PBXNativeTarget section */
		EFAB63F92E64EAD50069887C /* shvil */ = {
			isa = PBXNativeTarget;
			buildConfigurationList = EFAB64052E64EAD70069887C /* Build configuration list for PBXNativeTarget "shvil" */;
			buildPhases = (
				EFAB63F62E64EAD50069887C /* Sources */,
				EFAB63F72E64EAD50069887C /* Frameworks */,
				EFAB63F82E64EAD50069887C /* Resources */,
			);
			buildRules = (
			);
			dependencies = (
			);
			fileSystemSynchronizedGroups = (
				EFAB63FC2E64EAD50069887C /* shvil */,
			);
			name = shvil;
			packageProductDependencies = (
				EF209EB92E6783070020183D /* Auth */,
				EF209EBB2E6783070020183D /* Functions */,
				EF209EBD2E6783070020183D /* PostgREST */,
				EF209EBF2E6783070020183D /* Realtime */,
				EF209EC12E6783070020183D /* Storage */,
				EF209EC62E6788830020183D /* Supabase */,
				EF0CF1D42E718AA100BB79FC /* Algorithms */,
				EF359E6D2E718C7300B71F35 /* ArgumentParser */,
				EF359E702E718CB500B71F35 /* BitCollections */,
				EF359E722E718CB500B71F35 /* Collections */,
				EF359E742E718CB500B71F35 /* DequeModule */,
				EF359E762E718CB500B71F35 /* HashTreeCollections */,
				EF359E782E718CB500B71F35 /* HeapModule */,
				EF359E7A2E718CB500B71F35 /* OrderedCollections */,
				EF359E7C2E718CB500B71F35 /* _RopeModule */,
				EF359E7F2E718CD400B71F35 /* Crypto */,
				EF359E812E718CD400B71F35 /* _CryptoExtras */,
				EF359E842E718D2F00B71F35 /* HTTPTypes */,
				EF359E862E718D2F00B71F35 /* HTTPTypesFoundation */,
				EF359E892E718D4F00B71F35 /* ComplexModule */,
				EF359E8B2E718D4F00B71F35 /* Numerics */,
				EF359E8D2E718D4F00B71F35 /* RealModule */,
				EF359E902E718D8E00B71F35 /* Logging */,
			);
			productName = shvil;
			productReference = EFAB63FA2E64EAD50069887C /* shvil.app */;
			productType = "com.apple.product-type.application";
		};
/* End PBXNativeTarget section */

/* Begin PBXProject section */
		EFAB63F22E64EAD50069887C /* Project object */ = {
			isa = PBXProject;
			attributes = {
				BuildIndependentTargetsInParallel = 1;
				LastSwiftUpdateCheck = 1640;
				LastUpgradeCheck = 2600;
				TargetAttributes = {
					EFAB63F92E64EAD50069887C = {
						CreatedOnToolsVersion = 16.4;
					};
				};
			};
			buildConfigurationList = EFAB63F52E64EAD50069887C /* Build configuration list for PBXProject "shvil" */;
			developmentRegion = en;
			hasScannedForEncodings = 0;
			knownRegions = (
				en,
				Base,
				he,
			);
			mainGroup = EFAB63F12E64EAD50069887C;
			minimizedProjectReferenceProxies = 1;
			packageReferences = (
				EF209EB82E6783070020183D /* XCRemoteSwiftPackageReference "supabase-swift" */,
				EF0CF1D32E718AA100BB79FC /* XCRemoteSwiftPackageReference "swift-algorithms" */,
				EF359E6C2E718C7300B71F35 /* XCRemoteSwiftPackageReference "swift-argument-parser" */,
				EF359E6F2E718CB500B71F35 /* XCRemoteSwiftPackageReference "swift-collections" */,
				EF359E7E2E718CD400B71F35 /* XCRemoteSwiftPackageReference "swift-crypto" */,
				EF359E832E718D2F00B71F35 /* XCRemoteSwiftPackageReference "swift-http-types" */,
				EF359E882E718D4F00B71F35 /* XCRemoteSwiftPackageReference "swift-numerics" */,
				EF359E8F2E718D8E00B71F35 /* XCRemoteSwiftPackageReference "swift-log" */,
			);
			preferredProjectObjectVersion = 77;
			productRefGroup = EFAB63FB2E64EAD50069887C /* Products */;
			projectDirPath = "";
			projectRoot = "";
			targets = (
				EFAB63F92E64EAD50069887C /* shvil */,
			);
		};
/* End PBXProject section */

/* Begin PBXResourcesBuildPhase section */
		EFAB63F82E64EAD50069887C /* Resources */ = {
			isa = PBXResourcesBuildPhase;
			buildActionMask = 2147483647;
			files = (
			);
			runOnlyForDeploymentPostprocessing = 0;
		};
/* End PBXResourcesBuildPhase section */

/* Begin PBXSourcesBuildPhase section */
		EFAB63F62E64EAD50069887C /* Sources */ = {
			isa = PBXSourcesBuildPhase;
			buildActionMask = 2147483647;
			files = (
			);
			runOnlyForDeploymentPostprocessing = 0;
		};
/* End PBXSourcesBuildPhase section */

/* Begin XCBuildConfiguration section */
		EFAB64032E64EAD70069887C /* Debug */ = {
			isa = XCBuildConfiguration;
			buildSettings = {
				ALWAYS_SEARCH_USER_PATHS = NO;
				ASSETCATALOG_COMPILER_GENERATE_SWIFT_ASSET_SYMBOL_EXTENSIONS = YES;
				CLANG_ANALYZER_LOCALIZABILITY_NONLOCALIZED = YES;
				CLANG_ANALYZER_NONNULL = YES;
				CLANG_ANALYZER_NUMBER_OBJECT_CONVERSION = YES_AGGRESSIVE;
				CLANG_CXX_LANGUAGE_STANDARD = "gnu++20";
				CLANG_ENABLE_MODULES = YES;
				CLANG_ENABLE_OBJC_ARC = YES;
				CLANG_ENABLE_OBJC_WEAK = YES;
				CLANG_WARN_BLOCK_CAPTURE_AUTORELEASING = YES;
				CLANG_WARN_BOOL_CONVERSION = YES;
				CLANG_WARN_COMMA = YES;
				CLANG_WARN_CONSTANT_CONVERSION = YES;
				CLANG_WARN_DEPRECATED_OBJC_IMPLEMENTATIONS = YES;
				CLANG_WARN_DIRECT_OBJC_ISA_USAGE = YES_ERROR;
				CLANG_WARN_DOCUMENTATION_COMMENTS = YES;
				CLANG_WARN_EMPTY_BODY = YES;
				CLANG_WARN_ENUM_CONVERSION = YES;
				CLANG_WARN_INFINITE_RECURSION = YES;
				CLANG_WARN_INT_CONVERSION = YES;
				CLANG_WARN_NON_LITERAL_NULL_CONVERSION = YES;
				CLANG_WARN_OBJC_IMPLICIT_RETAIN_SELF = YES;
				CLANG_WARN_OBJC_LITERAL_CONVERSION = YES;
				CLANG_WARN_OBJC_ROOT_CLASS = YES_ERROR;
				CLANG_WARN_QUOTED_INCLUDE_IN_FRAMEWORK_HEADER = YES;
				CLANG_WARN_RANGE_LOOP_ANALYSIS = YES;
				CLANG_WARN_STRICT_PROTOTYPES = YES;
				CLANG_WARN_SUSPICIOUS_MOVE = YES;
				CLANG_WARN_UNGUARDED_AVAILABILITY = YES_AGGRESSIVE;
				CLANG_WARN_UNREACHABLE_CODE = YES;
				CLANG_WARN__DUPLICATE_METHOD_MATCH = YES;
				COPY_PHASE_STRIP = NO;
				DEBUG_INFORMATION_FORMAT = dwarf;
				DEVELOPMENT_TEAM = 64BG5ARK2Y;
				ENABLE_STRICT_OBJC_MSGSEND = YES;
				ENABLE_TESTABILITY = YES;
				ENABLE_USER_SCRIPT_SANDBOXING = YES;
				GCC_C_LANGUAGE_STANDARD = gnu17;
				GCC_DYNAMIC_NO_PIC = NO;
				GCC_NO_COMMON_BLOCKS = YES;
				GCC_OPTIMIZATION_LEVEL = 0;
				GCC_PREPROCESSOR_DEFINITIONS = (
					"DEBUG=1",
					"$(inherited)",
				);
				GCC_WARN_64_TO_32_BIT_CONVERSION = YES;
				GCC_WARN_ABOUT_RETURN_TYPE = YES_ERROR;
				GCC_WARN_UNDECLARED_SELECTOR = YES;
				GCC_WARN_UNINITIALIZED_AUTOS = YES_AGGRESSIVE;
				GCC_WARN_UNUSED_FUNCTION = YES;
				GCC_WARN_UNUSED_VARIABLE = YES;
				IPHONEOS_DEPLOYMENT_TARGET = 18.5;
				LOCALIZATION_PREFERS_STRING_CATALOGS = YES;
				MTL_ENABLE_DEBUG_INFO = INCLUDE_SOURCE;
				MTL_FAST_MATH = YES;
				ONLY_ACTIVE_ARCH = YES;
				SDKROOT = iphoneos;
				STRING_CATALOG_GENERATE_SYMBOLS = YES;
				SWIFT_ACTIVE_COMPILATION_CONDITIONS = "DEBUG $(inherited)";
				SWIFT_OPTIMIZATION_LEVEL = "-Onone";
			};
			name = Debug;
		};
		EFAB64042E64EAD70069887C /* Release */ = {
			isa = XCBuildConfiguration;
			buildSettings = {
				ALWAYS_SEARCH_USER_PATHS = NO;
				ASSETCATALOG_COMPILER_GENERATE_SWIFT_ASSET_SYMBOL_EXTENSIONS = YES;
				CLANG_ANALYZER_LOCALIZABILITY_NONLOCALIZED = YES;
				CLANG_ANALYZER_NONNULL = YES;
				CLANG_ANALYZER_NUMBER_OBJECT_CONVERSION = YES_AGGRESSIVE;
				CLANG_CXX_LANGUAGE_STANDARD = "gnu++20";
				CLANG_ENABLE_MODULES = YES;
				CLANG_ENABLE_OBJC_ARC = YES;
				CLANG_ENABLE_OBJC_WEAK = YES;
				CLANG_WARN_BLOCK_CAPTURE_AUTORELEASING = YES;
				CLANG_WARN_BOOL_CONVERSION = YES;
				CLANG_WARN_COMMA = YES;
				CLANG_WARN_CONSTANT_CONVERSION = YES;
				CLANG_WARN_DEPRECATED_OBJC_IMPLEMENTATIONS = YES;
				CLANG_WARN_DIRECT_OBJC_ISA_USAGE = YES_ERROR;
				CLANG_WARN_DOCUMENTATION_COMMENTS = YES;
				CLANG_WARN_EMPTY_BODY = YES;
				CLANG_WARN_ENUM_CONVERSION = YES;
				CLANG_WARN_INFINITE_RECURSION = YES;
				CLANG_WARN_INT_CONVERSION = YES;
				CLANG_WARN_NON_LITERAL_NULL_CONVERSION = YES;
				CLANG_WARN_OBJC_IMPLICIT_RETAIN_SELF = YES;
				CLANG_WARN_OBJC_LITERAL_CONVERSION = YES;
				CLANG_WARN_OBJC_ROOT_CLASS = YES_ERROR;
				CLANG_WARN_QUOTED_INCLUDE_IN_FRAMEWORK_HEADER = YES;
				CLANG_WARN_RANGE_LOOP_ANALYSIS = YES;
				CLANG_WARN_STRICT_PROTOTYPES = YES;
				CLANG_WARN_SUSPICIOUS_MOVE = YES;
				CLANG_WARN_UNGUARDED_AVAILABILITY = YES_AGGRESSIVE;
				CLANG_WARN_UNREACHABLE_CODE = YES;
				CLANG_WARN__DUPLICATE_METHOD_MATCH = YES;
				COPY_PHASE_STRIP = NO;
				DEBUG_INFORMATION_FORMAT = "dwarf-with-dsym";
				DEVELOPMENT_TEAM = 64BG5ARK2Y;
				ENABLE_NS_ASSERTIONS = NO;
				ENABLE_STRICT_OBJC_MSGSEND = YES;
				ENABLE_USER_SCRIPT_SANDBOXING = YES;
				GCC_C_LANGUAGE_STANDARD = gnu17;
				GCC_NO_COMMON_BLOCKS = YES;
				GCC_WARN_64_TO_32_BIT_CONVERSION = YES;
				GCC_WARN_ABOUT_RETURN_TYPE = YES_ERROR;
				GCC_WARN_UNDECLARED_SELECTOR = YES;
				GCC_WARN_UNINITIALIZED_AUTOS = YES_AGGRESSIVE;
				GCC_WARN_UNUSED_FUNCTION = YES;
				GCC_WARN_UNUSED_VARIABLE = YES;
				IPHONEOS_DEPLOYMENT_TARGET = 18.5;
				LOCALIZATION_PREFERS_STRING_CATALOGS = YES;
				MTL_ENABLE_DEBUG_INFO = NO;
				MTL_FAST_MATH = YES;
				SDKROOT = iphoneos;
				STRING_CATALOG_GENERATE_SYMBOLS = YES;
				SWIFT_COMPILATION_MODE = wholemodule;
				VALIDATE_PRODUCT = YES;
			};
			name = Release;
		};
		EFAB64062E64EAD70069887C /* Debug */ = {
			isa = XCBuildConfiguration;
			buildSettings = {
				ASSETCATALOG_COMPILER_APPICON_NAME = AppIcon;
				ASSETCATALOG_COMPILER_GLOBAL_ACCENT_COLOR_NAME = AccentColor;
				ASSETCATALOG_COMPILER_INCLUDE_ALL_APPICON_ASSETS = NO;
				CODE_SIGN_STYLE = Automatic;
				CURRENT_PROJECT_VERSION = 1;
				DEVELOPMENT_TEAM = 64BG5ARK2Y;
				ENABLE_PREVIEWS = YES;
				GENERATE_INFOPLIST_FILE = YES;
				INFOPLIST_KEY_NSCameraUsageDescription = "Shvil needs camera access to scan QR codes for joining groups and hunts.";
				INFOPLIST_KEY_NSLocationAlwaysAndWhenInUseUsageDescription = "Shvil needs location access to provide navigation services and track your route.";
				INFOPLIST_KEY_NSLocationWhenInUseUsageDescription = "Shvil needs location access to show your current position on the map and provide navigation services.";
				INFOPLIST_KEY_NSPhotoLibraryUsageDescription = "Shvil needs photo library access to save and share adventure photos.";
				INFOPLIST_KEY_SUPABASE_URL = "https://lnniqqjaslpyljtcmkmf.supabase.co";
				INFOPLIST_KEY_SUPABASE_ANON_KEY = "eyJhbGciOiJIUzI1NiIsInR5cCI6IkpXVCJ9.eyJpc3MiOiJzdXBhYmFzZSIsInJlZiI6ImxubmlxcWphc2xweWxqdGNta21mIiwicm9sZSI6ImFub24iLCJpYXQiOjE3NTY2NzE2MzcsImV4cCI6MjA3MjI0NzYzN30.mYHsTvpfr-jEhGnwbwt1-qw0ybdi0M_RFmsnQyIbLE0";
				INFOPLIST_KEY_UIApplicationSceneManifest_Generation = YES;
				INFOPLIST_KEY_UIApplicationSupportsIndirectInputEvents = YES;
				INFOPLIST_KEY_UILaunchScreen_Generation = YES;
				INFOPLIST_KEY_UISupportedInterfaceOrientations_iPad = "UIInterfaceOrientationPortrait UIInterfaceOrientationPortraitUpsideDown UIInterfaceOrientationLandscapeLeft UIInterfaceOrientationLandscapeRight";
				INFOPLIST_KEY_UISupportedInterfaceOrientations_iPhone = "UIInterfaceOrientationPortrait UIInterfaceOrientationLandscapeLeft UIInterfaceOrientationLandscapeRight";
				IPHONEOS_DEPLOYMENT_TARGET = 26.0;
				LD_RUNPATH_SEARCH_PATHS = (
					"$(inherited)",
					"@executable_path/Frameworks",
				);
				MARKETING_VERSION = 1.0;
				PRODUCT_BUNDLE_IDENTIFIER = com.ilan.uzan.shvil;
				PRODUCT_NAME = "$(TARGET_NAME)";
				SWIFT_EMIT_LOC_STRINGS = YES;
				SWIFT_VERSION = 5.0;
				TARGETED_DEVICE_FAMILY = "1,2";
			};
			name = Debug;
		};
		EFAB64072E64EAD70069887C /* Release */ = {
			isa = XCBuildConfiguration;
			buildSettings = {
				ASSETCATALOG_COMPILER_APPICON_NAME = AppIcon;
				ASSETCATALOG_COMPILER_GLOBAL_ACCENT_COLOR_NAME = AccentColor;
				ASSETCATALOG_COMPILER_INCLUDE_ALL_APPICON_ASSETS = NO;
				CODE_SIGN_STYLE = Automatic;
				CURRENT_PROJECT_VERSION = 1;
				DEVELOPMENT_TEAM = 64BG5ARK2Y;
				ENABLE_PREVIEWS = YES;
				GENERATE_INFOPLIST_FILE = YES;
				INFOPLIST_KEY_NSCameraUsageDescription = "Shvil needs camera access to scan QR codes for joining groups and hunts.";
				INFOPLIST_KEY_NSLocationAlwaysAndWhenInUseUsageDescription = "Shvil needs location access to provide navigation services and track your route.";
				INFOPLIST_KEY_NSLocationWhenInUseUsageDescription = "Shvil needs location access to show your current position on the map and provide navigation services.";
				INFOPLIST_KEY_NSPhotoLibraryUsageDescription = "Shvil needs photo library access to save and share adventure photos.";
				INFOPLIST_KEY_SUPABASE_URL = "https://lnniqqjaslpyljtcmkmf.supabase.co";
				INFOPLIST_KEY_SUPABASE_ANON_KEY = "eyJhbGciOiJIUzI1NiIsInR5cCI6IkpXVCJ9.eyJpc3MiOiJzdXBhYmFzZSIsInJlZiI6ImxubmlxcWphc2xweWxqdGNta21mIiwicm9sZSI6ImFub24iLCJpYXQiOjE3NTY2NzE2MzcsImV4cCI6MjA3MjI0NzYzN30.mYHsTvpfr-jEhGnwbwt1-qw0ybdi0M_RFmsnQyIbLE0";
				INFOPLIST_KEY_UIApplicationSceneManifest_Generation = YES;
				INFOPLIST_KEY_UIApplicationSupportsIndirectInputEvents = YES;
				INFOPLIST_KEY_UILaunchScreen_Generation = YES;
				INFOPLIST_KEY_UISupportedInterfaceOrientations_iPad = "UIInterfaceOrientationPortrait UIInterfaceOrientationPortraitUpsideDown UIInterfaceOrientationLandscapeLeft UIInterfaceOrientationLandscapeRight";
				INFOPLIST_KEY_UISupportedInterfaceOrientations_iPhone = "UIInterfaceOrientationPortrait UIInterfaceOrientationLandscapeLeft UIInterfaceOrientationLandscapeRight";
				IPHONEOS_DEPLOYMENT_TARGET = 26.0;
				LD_RUNPATH_SEARCH_PATHS = (
					"$(inherited)",
					"@executable_path/Frameworks",
				);
				MARKETING_VERSION = 1.0;
				PRODUCT_BUNDLE_IDENTIFIER = com.ilan.uzan.shvil;
				PRODUCT_NAME = "$(TARGET_NAME)";
				SWIFT_EMIT_LOC_STRINGS = YES;
				SWIFT_VERSION = 5.0;
				TARGETED_DEVICE_FAMILY = "1,2";
			};
			name = Release;
		};
/* End XCBuildConfiguration section */

/* Begin XCConfigurationList section */
		EFAB63F52E64EAD50069887C /* Build configuration list for PBXProject "shvil" */ = {
			isa = XCConfigurationList;
			buildConfigurations = (
				EFAB64032E64EAD70069887C /* Debug */,
				EFAB64042E64EAD70069887C /* Release */,
			);
			defaultConfigurationIsVisible = 0;
			defaultConfigurationName = Release;
		};
		EFAB64052E64EAD70069887C /* Build configuration list for PBXNativeTarget "shvil" */ = {
			isa = XCConfigurationList;
			buildConfigurations = (
				EFAB64062E64EAD70069887C /* Debug */,
				EFAB64072E64EAD70069887C /* Release */,
			);
			defaultConfigurationIsVisible = 0;
			defaultConfigurationName = Release;
		};
/* End XCConfigurationList section */

/* Begin XCRemoteSwiftPackageReference section */
		EF0CF1D32E718AA100BB79FC /* XCRemoteSwiftPackageReference "swift-algorithms" */ = {
			isa = XCRemoteSwiftPackageReference;
			repositoryURL = "https://github.com/apple/swift-algorithms.git";
			requirement = {
				kind = upToNextMajorVersion;
				minimumVersion = 1.2.1;
			};
		};
		EF209EB82E6783070020183D /* XCRemoteSwiftPackageReference "supabase-swift" */ = {
			isa = XCRemoteSwiftPackageReference;
			repositoryURL = "https://github.com/supabase/supabase-swift";
			requirement = {
				kind = upToNextMajorVersion;
				minimumVersion = 2.5.1;
			};
		};
		EF359E6C2E718C7300B71F35 /* XCRemoteSwiftPackageReference "swift-argument-parser" */ = {
			isa = XCRemoteSwiftPackageReference;
			repositoryURL = "https://github.com/apple/swift-argument-parser.git";
			requirement = {
				kind = upToNextMajorVersion;
				minimumVersion = 1.6.1;
			};
		};
		EF359E6F2E718CB500B71F35 /* XCRemoteSwiftPackageReference "swift-collections" */ = {
			isa = XCRemoteSwiftPackageReference;
			repositoryURL = "https://github.com/apple/swift-collections.git";
			requirement = {
				kind = upToNextMajorVersion;
				minimumVersion = 1.2.1;
			};
		};
		EF359E7E2E718CD400B71F35 /* XCRemoteSwiftPackageReference "swift-crypto" */ = {
			isa = XCRemoteSwiftPackageReference;
			repositoryURL = "https://github.com/apple/swift-crypto.git";
			requirement = {
				kind = upToNextMajorVersion;
				minimumVersion = 3.15.0;
			};
		};
		EF359E832E718D2F00B71F35 /* XCRemoteSwiftPackageReference "swift-http-types" */ = {
			isa = XCRemoteSwiftPackageReference;
			repositoryURL = "https://github.com/apple/swift-http-types";
			requirement = {
				kind = upToNextMajorVersion;
				minimumVersion = 1.4.0;
			};
		};
		EF359E882E718D4F00B71F35 /* XCRemoteSwiftPackageReference "swift-numerics" */ = {
			isa = XCRemoteSwiftPackageReference;
			repositoryURL = "https://github.com/apple/swift-numerics.git";
			requirement = {
				kind = upToNextMajorVersion;
				minimumVersion = 1.1.0;
			};
		};
		EF359E8F2E718D8E00B71F35 /* XCRemoteSwiftPackageReference "swift-log" */ = {
			isa = XCRemoteSwiftPackageReference;
			repositoryURL = "https://github.com/apple/swift-log";
			requirement = {
				kind = upToNextMajorVersion;
				minimumVersion = 1.6.4;
			};
		};
/* End XCRemoteSwiftPackageReference section */

/* Begin XCSwiftPackageProductDependency section */
		EF0CF1D42E718AA100BB79FC /* Algorithms */ = {
			isa = XCSwiftPackageProductDependency;
			package = EF0CF1D32E718AA100BB79FC /* XCRemoteSwiftPackageReference "swift-algorithms" */;
			productName = Algorithms;
		};
		EF209EB92E6783070020183D /* Auth */ = {
			isa = XCSwiftPackageProductDependency;
			package = EF209EB82E6783070020183D /* XCRemoteSwiftPackageReference "supabase-swift" */;
			productName = Auth;
		};
		EF209EBB2E6783070020183D /* Functions */ = {
			isa = XCSwiftPackageProductDependency;
			package = EF209EB82E6783070020183D /* XCRemoteSwiftPackageReference "supabase-swift" */;
			productName = Functions;
		};
		EF209EBD2E6783070020183D /* PostgREST */ = {
			isa = XCSwiftPackageProductDependency;
			package = EF209EB82E6783070020183D /* XCRemoteSwiftPackageReference "supabase-swift" */;
			productName = PostgREST;
		};
		EF209EBF2E6783070020183D /* Realtime */ = {
			isa = XCSwiftPackageProductDependency;
			package = EF209EB82E6783070020183D /* XCRemoteSwiftPackageReference "supabase-swift" */;
			productName = Realtime;
		};
		EF209EC12E6783070020183D /* Storage */ = {
			isa = XCSwiftPackageProductDependency;
			package = EF209EB82E6783070020183D /* XCRemoteSwiftPackageReference "supabase-swift" */;
			productName = Storage;
		};
		EF209EC62E6788830020183D /* Supabase */ = {
			isa = XCSwiftPackageProductDependency;
			package = EF209EB82E6783070020183D /* XCRemoteSwiftPackageReference "supabase-swift" */;
			productName = Supabase;
		};
		EF359E6D2E718C7300B71F35 /* ArgumentParser */ = {
			isa = XCSwiftPackageProductDependency;
			package = EF359E6C2E718C7300B71F35 /* XCRemoteSwiftPackageReference "swift-argument-parser" */;
			productName = ArgumentParser;
		};
		EF359E702E718CB500B71F35 /* BitCollections */ = {
			isa = XCSwiftPackageProductDependency;
			package = EF359E6F2E718CB500B71F35 /* XCRemoteSwiftPackageReference "swift-collections" */;
			productName = BitCollections;
		};
		EF359E722E718CB500B71F35 /* Collections */ = {
			isa = XCSwiftPackageProductDependency;
			package = EF359E6F2E718CB500B71F35 /* XCRemoteSwiftPackageReference "swift-collections" */;
			productName = Collections;
		};
		EF359E742E718CB500B71F35 /* DequeModule */ = {
			isa = XCSwiftPackageProductDependency;
			package = EF359E6F2E718CB500B71F35 /* XCRemoteSwiftPackageReference "swift-collections" */;
			productName = DequeModule;
		};
		EF359E762E718CB500B71F35 /* HashTreeCollections */ = {
			isa = XCSwiftPackageProductDependency;
			package = EF359E6F2E718CB500B71F35 /* XCRemoteSwiftPackageReference "swift-collections" */;
			productName = HashTreeCollections;
		};
		EF359E782E718CB500B71F35 /* HeapModule */ = {
			isa = XCSwiftPackageProductDependency;
			package = EF359E6F2E718CB500B71F35 /* XCRemoteSwiftPackageReference "swift-collections" */;
			productName = HeapModule;
		};
		EF359E7A2E718CB500B71F35 /* OrderedCollections */ = {
			isa = XCSwiftPackageProductDependency;
			package = EF359E6F2E718CB500B71F35 /* XCRemoteSwiftPackageReference "swift-collections" */;
			productName = OrderedCollections;
		};
		EF359E7C2E718CB500B71F35 /* _RopeModule */ = {
			isa = XCSwiftPackageProductDependency;
			package = EF359E6F2E718CB500B71F35 /* XCRemoteSwiftPackageReference "swift-collections" */;
			productName = _RopeModule;
		};
		EF359E7F2E718CD400B71F35 /* Crypto */ = {
			isa = XCSwiftPackageProductDependency;
			package = EF359E7E2E718CD400B71F35 /* XCRemoteSwiftPackageReference "swift-crypto" */;
			productName = Crypto;
		};
		EF359E812E718CD400B71F35 /* _CryptoExtras */ = {
			isa = XCSwiftPackageProductDependency;
			package = EF359E7E2E718CD400B71F35 /* XCRemoteSwiftPackageReference "swift-crypto" */;
			productName = _CryptoExtras;
		};
		EF359E842E718D2F00B71F35 /* HTTPTypes */ = {
			isa = XCSwiftPackageProductDependency;
			package = EF359E832E718D2F00B71F35 /* XCRemoteSwiftPackageReference "swift-http-types" */;
			productName = HTTPTypes;
		};
		EF359E862E718D2F00B71F35 /* HTTPTypesFoundation */ = {
			isa = XCSwiftPackageProductDependency;
			package = EF359E832E718D2F00B71F35 /* XCRemoteSwiftPackageReference "swift-http-types" */;
			productName = HTTPTypesFoundation;
		};
		EF359E892E718D4F00B71F35 /* ComplexModule */ = {
			isa = XCSwiftPackageProductDependency;
			package = EF359E882E718D4F00B71F35 /* XCRemoteSwiftPackageReference "swift-numerics" */;
			productName = ComplexModule;
		};
		EF359E8B2E718D4F00B71F35 /* Numerics */ = {
			isa = XCSwiftPackageProductDependency;
			package = EF359E882E718D4F00B71F35 /* XCRemoteSwiftPackageReference "swift-numerics" */;
			productName = Numerics;
		};
		EF359E8D2E718D4F00B71F35 /* RealModule */ = {
			isa = XCSwiftPackageProductDependency;
			package = EF359E882E718D4F00B71F35 /* XCRemoteSwiftPackageReference "swift-numerics" */;
			productName = RealModule;
		};
		EF359E902E718D8E00B71F35 /* Logging */ = {
			isa = XCSwiftPackageProductDependency;
			package = EF359E8F2E718D8E00B71F35 /* XCRemoteSwiftPackageReference "swift-log" */;
			productName = Logging;
		};
/* End XCSwiftPackageProductDependency section */
	};
	rootObject = EFAB63F22E64EAD50069887C /* Project object */;
}
